{
  "name": "clean-cache-control",
  "version": "1.0.0",
  "lockfileVersion": 1,
  "requires": true,
  "dependencies": {
    "@types/node": {
      "version": "16.7.9",
      "resolved": "https://registry.npmjs.org/@types/node/-/node-16.7.9.tgz",
      "integrity": "sha512-KktxVzS4FPDFVHUUOWyZMvRo//8vqOLITtLMhFSW9IdLsYT/sPyXj3wXtaTcR7A7olCe7R2Xy7R+q5pg2bU46g==",
      "dev": true
    },
    "typescript": {
      "version": "4.4.2",
      "resolved": "https://registry.npmjs.org/typescript/-/typescript-4.4.2.tgz",
      "integrity": "sha512-gzP+t5W4hdy4c+68bfcv0t400HVJMMd2+H9B7gae1nQlBzCqvrXX+6GL/b3GAgyTH966pzrZ70/fRjwAtZksSQ==",
      "dev": true
    }
  }
}
